
Microsoft Visual Studio Solution File, Format Version 12.00
# Visual Studio 15
VisualStudioVersion = 15.0.27703.2035
MinimumVisualStudioVersion = 10.0.40219.1
Project("{9A19103F-16F7-4668-BE54-9A1E7A4F7556}") = "BookCatalogue", "BookCatalogue\BookCatalogue.csproj", "{AEE06C68-BF4E-40F1-86CC-B0D659EBCFAA}"
EndProject
Project("{FAE04EC0-301F-11D3-BF4B-00C04F79EFBC}") = "BookCatalogue.Business", "BookCatalogue.Business\BookCatalogue.Business.csproj", "{9DDD7536-92EE-4450-8143-53823A920DAF}"
EndProject
Project("{FAE04EC0-301F-11D3-BF4B-00C04F79EFBC}") = "BookCatalogue.Data", "BookCatalogue.Data\BookCatalogue.Data.csproj", "{6A78EC57-705A-4CA3-A1A9-BD3F40A18E3C}"
EndProject
Project("{FAE04EC0-301F-11D3-BF4B-00C04F79EFBC}") = "BookCatalogue.Bootstrap", "BookCatalogue.Bootstrap\BookCatalogue.Bootstrap.csproj", "{965B23CF-507E-4011-8725-2C5D882EC93D}"
EndProject
Project("{FAE04EC0-301F-11D3-BF4B-00C04F79EFBC}") = "BookCatalogue.Infrastructure", "BookCatalogue.Infrastructure\BookCatalogue.Infrastructure.csproj", "{11CD4C99-77C4-4EEA-A3F2-4324610D1AE7}"
EndProject
Project("{FAE04EC0-301F-11D3-BF4B-00C04F79EFBC}") = "BookCatalogue.ViewModels", "BookCatalogue.ViewModels\BookCatalogue.ViewModels.csproj", "{CAA3C15C-A5A5-4024-8C74-25C8E10B4A93}"
EndProject
Project("{FAE04EC0-301F-11D3-BF4B-00C04F79EFBC}") = "BookCatalogue.Test", "BookCatalogue.Test\BookCatalogue.Test.csproj", "{E4375094-90BC-4189-AA6D-14C5B064A06C}"
EndProject
Project("{2150E333-8FDC-42A3-9474-1A3956D46DE8}") = "Database", "Database", "{5C25A4E9-CC12-417C-AD2E-76B521B40E8A}"
EndProject
Project("{00D1A9C2-B5F0-4AF3-8072-F6C62B433612}") = "BookCatalogue.Database", "BookCatalogue.Database\BookCatalogue.Database.sqlproj", "{A31FEAE1-AB1A-4BF4-A82A-FF205408010F}"
EndProject
Global
	GlobalSection(SolutionConfigurationPlatforms) = preSolution
		Debug|Any CPU = Debug|Any CPU
		Release|Any CPU = Release|Any CPU
	EndGlobalSection
	GlobalSection(ProjectConfigurationPlatforms) = postSolution
		{AEE06C68-BF4E-40F1-86CC-B0D659EBCFAA}.Debug|Any CPU.ActiveCfg = Debug|Any CPU
		{AEE06C68-BF4E-40F1-86CC-B0D659EBCFAA}.Debug|Any CPU.Build.0 = Debug|Any CPU
		{AEE06C68-BF4E-40F1-86CC-B0D659EBCFAA}.Release|Any CPU.ActiveCfg = Release|Any CPU
		{AEE06C68-BF4E-40F1-86CC-B0D659EBCFAA}.Release|Any CPU.Build.0 = Release|Any CPU
		{9DDD7536-92EE-4450-8143-53823A920DAF}.Debug|Any CPU.ActiveCfg = Debug|Any CPU
		{9DDD7536-92EE-4450-8143-53823A920DAF}.Debug|Any CPU.Build.0 = Debug|Any CPU
		{9DDD7536-92EE-4450-8143-53823A920DAF}.Release|Any CPU.ActiveCfg = Release|Any CPU
		{9DDD7536-92EE-4450-8143-53823A920DAF}.Release|Any CPU.Build.0 = Release|Any CPU
		{6A78EC57-705A-4CA3-A1A9-BD3F40A18E3C}.Debug|Any CPU.ActiveCfg = Debug|Any CPU
		{6A78EC57-705A-4CA3-A1A9-BD3F40A18E3C}.Debug|Any CPU.Build.0 = Debug|Any CPU
		{6A78EC57-705A-4CA3-A1A9-BD3F40A18E3C}.Release|Any CPU.ActiveCfg = Release|Any CPU
		{6A78EC57-705A-4CA3-A1A9-BD3F40A18E3C}.Release|Any CPU.Build.0 = Release|Any CPU
		{965B23CF-507E-4011-8725-2C5D882EC93D}.Debug|Any CPU.ActiveCfg = Debug|Any CPU
		{965B23CF-507E-4011-8725-2C5D882EC93D}.Debug|Any CPU.Build.0 = Debug|Any CPU
		{965B23CF-507E-4011-8725-2C5D882EC93D}.Release|Any CPU.ActiveCfg = Release|Any CPU
		{965B23CF-507E-4011-8725-2C5D882EC93D}.Release|Any CPU.Build.0 = Release|Any CPU
		{11CD4C99-77C4-4EEA-A3F2-4324610D1AE7}.Debug|Any CPU.ActiveCfg = Debug|Any CPU
		{11CD4C99-77C4-4EEA-A3F2-4324610D1AE7}.Debug|Any CPU.Build.0 = Debug|Any CPU
		{11CD4C99-77C4-4EEA-A3F2-4324610D1AE7}.Release|Any CPU.ActiveCfg = Release|Any CPU
		{11CD4C99-77C4-4EEA-A3F2-4324610D1AE7}.Release|Any CPU.Build.0 = Release|Any CPU
		{CAA3C15C-A5A5-4024-8C74-25C8E10B4A93}.Debug|Any CPU.ActiveCfg = Debug|Any CPU
		{CAA3C15C-A5A5-4024-8C74-25C8E10B4A93}.Debug|Any CPU.Build.0 = Debug|Any CPU
		{CAA3C15C-A5A5-4024-8C74-25C8E10B4A93}.Release|Any CPU.ActiveCfg = Release|Any CPU
		{CAA3C15C-A5A5-4024-8C74-25C8E10B4A93}.Release|Any CPU.Build.0 = Release|Any CPU
		{E4375094-90BC-4189-AA6D-14C5B064A06C}.Debug|Any CPU.ActiveCfg = Debug|Any CPU
		{E4375094-90BC-4189-AA6D-14C5B064A06C}.Debug|Any CPU.Build.0 = Debug|Any CPU
		{E4375094-90BC-4189-AA6D-14C5B064A06C}.Release|Any CPU.ActiveCfg = Release|Any CPU
		{E4375094-90BC-4189-AA6D-14C5B064A06C}.Release|Any CPU.Build.0 = Release|Any CPU
		{A31FEAE1-AB1A-4BF4-A82A-FF205408010F}.Debug|Any CPU.ActiveCfg = Debug|Any CPU
		{A31FEAE1-AB1A-4BF4-A82A-FF205408010F}.Debug|Any CPU.Build.0 = Debug|Any CPU
		{A31FEAE1-AB1A-4BF4-A82A-FF205408010F}.Debug|Any CPU.Deploy.0 = Debug|Any CPU
		{A31FEAE1-AB1A-4BF4-A82A-FF205408010F}.Release|Any CPU.ActiveCfg = Release|Any CPU
		{A31FEAE1-AB1A-4BF4-A82A-FF205408010F}.Release|Any CPU.Build.0 = Release|Any CPU
		{A31FEAE1-AB1A-4BF4-A82A-FF205408010F}.Release|Any CPU.Deploy.0 = Release|Any CPU
	EndGlobalSection
	GlobalSection(SolutionProperties) = preSolution
		HideSolutionNode = FALSE
	EndGlobalSection
	GlobalSection(NestedProjects) = preSolution
		{A31FEAE1-AB1A-4BF4-A82A-FF205408010F} = {5C25A4E9-CC12-417C-AD2E-76B521B40E8A}
	EndGlobalSection
	GlobalSection(ExtensibilityGlobals) = postSolution
		SolutionGuid = {C5F4A79B-6DF7-4D17-BD60-5AC52A09B799}
	EndGlobalSection
EndGlobal
